prek==0.5.5 \
    --hash=sha256:120ef7d4b6bb58155e74827743c266e48501efb0e4c37ff726b14fe6e86a126b \
    --hash=sha256:15bff9039349466ea9bf6b0c173b822ff08f8ae4cfbfdea782492e519c06d874 \
    --hash=sha256:2f610927b95e84b28173a4c810892a7b5d5bb55bee792ddf97178fa97654633e \
    --hash=sha256:2f6c453a12c21757b23bbbc97415aef78527841ad3f9e61f52cb35cf012f93e5 \
    --hash=sha256:3db3191d2509830c75438e20956a47c2259867d18a4106064ed75088b968a0c6 \
    --hash=sha256:50fbceb0f728b504023f6e6c9037ac0656436949d94f7a85bac5542e6c1a4a75 \
    --hash=sha256:73d509c0d9556171de2502bada4962be7a25871e7b23e782549074e1416dc850 \
    --hash=sha256:76c867fdbd4e4f19e6b6b2988bd1e1407d1324170ebcf1428e4e34f8f0751a99 \
    --hash=sha256:c69f60c2b3b4d481e38d0eab3b97ac05ec05d7648ae690925ae95ca9d22c7643
